// !$*UTF8*$!
{
	archiveVersion = 1;
	classes = {
	};
	objectVersion = 56;
	objects = {

/* Begin PBXBuildFile section */
		32279B2D2AD46DD0001C1D2E /* mapappApp.swift in Sources */ = {isa = PBXBuildFile; fileRef = 32279B2C2AD46DD0001C1D2E /* mapappApp.swift */; };
		32279B312AD46DD3001C1D2E /* Assets.xcassets in Resources */ = {isa = PBXBuildFile; fileRef = 32279B302AD46DD3001C1D2E /* Assets.xcassets */; };
		32279B342AD46DD3001C1D2E /* Preview Assets.xcassets in Resources */ = {isa = PBXBuildFile; fileRef = 32279B332AD46DD3001C1D2E /* Preview Assets.xcassets */; };
		3245DD412AD9590500E4C9A5 /* LocationMapAnnotationView.swift in Sources */ = {isa = PBXBuildFile; fileRef = 3245DD402AD9590500E4C9A5 /* LocationMapAnnotationView.swift */; };
		3245DD452AD978CD00E4C9A5 /* LocationDetailView.swift in Sources */ = {isa = PBXBuildFile; fileRef = 3245DD442AD978CD00E4C9A5 /* LocationDetailView.swift */; };
		32DD15092AD83065007E181E /* LocationsDataService.swift in Sources */ = {isa = PBXBuildFile; fileRef = 32DD15082AD83065007E181E /* LocationsDataService.swift */; };
		32DD150E2AD8315F007E181E /* Location.swift in Sources */ = {isa = PBXBuildFile; fileRef = 32DD150D2AD8315F007E181E /* Location.swift */; };
		32DD15112AD8329E007E181E /* LocationsView.swift in Sources */ = {isa = PBXBuildFile; fileRef = 32DD15102AD8329E007E181E /* LocationsView.swift */; };
		32DD15132AD834C8007E181E /* LocationsViewModel.swift in Sources */ = {isa = PBXBuildFile; fileRef = 32DD15122AD834C8007E181E /* LocationsViewModel.swift */; };
		32DD15152AD83FD0007E181E /* LocationsListView.swift in Sources */ = {isa = PBXBuildFile; fileRef = 32DD15142AD83FD0007E181E /* LocationsListView.swift */; };
		32DD15172AD84A43007E181E /* LocationPreviewView.swift in Sources */ = {isa = PBXBuildFile; fileRef = 32DD15162AD84A43007E181E /* LocationPreviewView.swift */; };
/* End PBXBuildFile section */

/* Begin PBXFileReference section */
		32279B292AD46DD0001C1D2E /* mapapp.app */ = {isa = PBXFileReference; explicitFileType = wrapper.application; includeInIndex = 0; path = mapapp.app; sourceTree = BUILT_PRODUCTS_DIR; };
		32279B2C2AD46DD0001C1D2E /* mapappApp.swift */ = {isa = PBXFileReference; lastKnownFileType = sourcecode.swift; path = mapappApp.swift; sourceTree = "<group>"; };
		32279B302AD46DD3001C1D2E /* Assets.xcassets */ = {isa = PBXFileReference; lastKnownFileType = folder.assetcatalog; path = Assets.xcassets; sourceTree = "<group>"; };
		32279B332AD46DD3001C1D2E /* Preview Assets.xcassets */ = {isa = PBXFileReference; lastKnownFileType = folder.assetcatalog; path = "Preview Assets.xcassets"; sourceTree = "<group>"; };
		3245DD402AD9590500E4C9A5 /* LocationMapAnnotationView.swift */ = {isa = PBXFileReference; lastKnownFileType = sourcecode.swift; path = LocationMapAnnotationView.swift; sourceTree = "<group>"; };
		3245DD442AD978CD00E4C9A5 /* LocationDetailView.swift */ = {isa = PBXFileReference; lastKnownFileType = sourcecode.swift; path = LocationDetailView.swift; sourceTree = "<group>"; };
		3245DD462AD9934100E4C9A5 /* Info.plist */ = {isa = PBXFileReference; lastKnownFileType = text.plist; path = Info.plist; sourceTree = "<group>"; };
		32DD15082AD83065007E181E /* LocationsDataService.swift */ = {isa = PBXFileReference; fileEncoding = 4; lastKnownFileType = sourcecode.swift; path = LocationsDataService.swift; sourceTree = "<group>"; };
		32DD150D2AD8315F007E181E /* Location.swift */ = {isa = PBXFileReference; lastKnownFileType = sourcecode.swift; path = Location.swift; sourceTree = "<group>"; };
		32DD15102AD8329E007E181E /* LocationsView.swift */ = {isa = PBXFileReference; lastKnownFileType = sourcecode.swift; path = LocationsView.swift; sourceTree = "<group>"; };
		32DD15122AD834C8007E181E /* LocationsViewModel.swift */ = {isa = PBXFileReference; lastKnownFileType = sourcecode.swift; path = LocationsViewModel.swift; sourceTree = "<group>"; };
		32DD15142AD83FD0007E181E /* LocationsListView.swift */ = {isa = PBXFileReference; lastKnownFileType = sourcecode.swift; path = LocationsListView.swift; sourceTree = "<group>"; };
		32DD15162AD84A43007E181E /* LocationPreviewView.swift */ = {isa = PBXFileReference; lastKnownFileType = sourcecode.swift; path = LocationPreviewView.swift; sourceTree = "<group>"; };
/* End PBXFileReference section */

/* Begin PBXFrameworksBuildPhase section */
		32279B262AD46DD0001C1D2E /* Frameworks */ = {
			isa = PBXFrameworksBuildPhase;
			buildActionMask = 2147483647;
			files = (
			);
			runOnlyForDeploymentPostprocessing = 0;
		};
/* End PBXFrameworksBuildPhase section */

/* Begin PBXGroup section */
		32279B202AD46DD0001C1D2E = {
			isa = PBXGroup;
			children = (
				32279B2B2AD46DD0001C1D2E /* mapapp */,
				32279B2A2AD46DD0001C1D2E /* Products */,
			);
			sourceTree = "<group>";
		};
		32279B2A2AD46DD0001C1D2E /* Products */ = {
			isa = PBXGroup;
			children = (
				32279B292AD46DD0001C1D2E /* mapapp.app */,
			);
			name = Products;
			sourceTree = "<group>";
		};
		32279B2B2AD46DD0001C1D2E /* mapapp */ = {
			isa = PBXGroup;
			children = (
				3245DD462AD9934100E4C9A5 /* Info.plist */,
				32DD150F2AD83207007E181E /* DataServices */,
				32DD150C2AD83138007E181E /* ViewModels */,
				32DD150B2AD83131007E181E /* Views */,
				32DD150A2AD83128007E181E /* Models */,
				32279B2C2AD46DD0001C1D2E /* mapappApp.swift */,
				32279B302AD46DD3001C1D2E /* Assets.xcassets */,
				32279B322AD46DD3001C1D2E /* Preview Content */,
			);
			path = mapapp;
			sourceTree = "<group>";
		};
		32279B322AD46DD3001C1D2E /* Preview Content */ = {
			isa = PBXGroup;
			children = (
				32279B332AD46DD3001C1D2E /* Preview Assets.xcassets */,
			);
			path = "Preview Content";
			sourceTree = "<group>";
		};
		32DD150A2AD83128007E181E /* Models */ = {
			isa = PBXGroup;
			children = (
				32DD150D2AD8315F007E181E /* Location.swift */,
			);
			path = Models;
			sourceTree = "<group>";
		};
		32DD150B2AD83131007E181E /* Views */ = {
			isa = PBXGroup;
			children = (
				32DD15102AD8329E007E181E /* LocationsView.swift */,
				32DD15142AD83FD0007E181E /* LocationsListView.swift */,
				32DD15162AD84A43007E181E /* LocationPreviewView.swift */,
				3245DD402AD9590500E4C9A5 /* LocationMapAnnotationView.swift */,
				3245DD442AD978CD00E4C9A5 /* LocationDetailView.swift */,
			);
			path = Views;
			sourceTree = "<group>";
		};
		32DD150C2AD83138007E181E /* ViewModels */ = {
			isa = PBXGroup;
			children = (
				32DD15122AD834C8007E181E /* LocationsViewModel.swift */,
			);
			path = ViewModels;
			sourceTree = "<group>";
		};
		32DD150F2AD83207007E181E /* DataServices */ = {
			isa = PBXGroup;
			children = (
				32DD15082AD83065007E181E /* LocationsDataService.swift */,
			);
			path = DataServices;
			sourceTree = "<group>";
		};
/* End PBXGroup section */

/* Begin PBXNativeTarget section */
		32279B282AD46DD0001C1D2E /* mapapp */ = {
			isa = PBXNativeTarget;
			buildConfigurationList = 32279B372AD46DD3001C1D2E /* Build configuration list for PBXNativeTarget "mapapp" */;
			buildPhases = (
				32279B252AD46DD0001C1D2E /* Sources */,
				32279B262AD46DD0001C1D2E /* Frameworks */,
				32279B272AD46DD0001C1D2E /* Resources */,
			);
			buildRules = (
			);
			dependencies = (
			);
			name = mapapp;
			productName = mapapp;
			productReference = 32279B292AD46DD0001C1D2E /* mapapp.app */;
			productType = "com.apple.product-type.application";
		};
/* End PBXNativeTarget section */

/* Begin PBXProject section */
		32279B212AD46DD0001C1D2E /* Project object */ = {
			isa = PBXProject;
			attributes = {
				BuildIndependentTargetsInParallel = 1;
				LastSwiftUpdateCheck = 1500;
				LastUpgradeCheck = 1500;
				TargetAttributes = {
					32279B282AD46DD0001C1D2E = {
						CreatedOnToolsVersion = 15.0;
					};
				};
			};
			buildConfigurationList = 32279B242AD46DD0001C1D2E /* Build configuration list for PBXProject "mapapp" */;
			compatibilityVersion = "Xcode 14.0";
			developmentRegion = en;
			hasScannedForEncodings = 0;
			knownRegions = (
				en,
				Base,
			);
			mainGroup = 32279B202AD46DD0001C1D2E;
			productRefGroup = 32279B2A2AD46DD0001C1D2E /* Products */;
			projectDirPath = "";
			projectRoot = "";
			targets = (
				32279B282AD46DD0001C1D2E /* mapapp */,
			);
		};
/* End PBXProject section */

/* Begin PBXResourcesBuildPhase section */
		32279B272AD46DD0001C1D2E /* Resources */ = {
			isa = PBXResourcesBuildPhase;
			buildActionMask = 2147483647;
			files = (
				32279B342AD46DD3001C1D2E /* Preview Assets.xcassets in Resources */,
				32279B312AD46DD3001C1D2E /* Assets.xcassets in Resources */,
			);
			runOnlyForDeploymentPostprocessing = 0;
		};
/* End PBXResourcesBuildPhase section */

/* Begin PBXSourcesBuildPhase section */
		32279B252AD46DD0001C1D2E /* Sources */ = {
			isa = PBXSourcesBuildPhase;
			buildActionMask = 2147483647;
			files = (
				32DD15152AD83FD0007E181E /* LocationsListView.swift in Sources */,
				32DD15172AD84A43007E181E /* LocationPreviewView.swift in Sources */,
				3245DD452AD978CD00E4C9A5 /* LocationDetailView.swift in Sources */,
				32DD15132AD834C8007E181E /* LocationsViewModel.swift in Sources */,
				32279B2D2AD46DD0001C1D2E /* mapappApp.swift in Sources */,
				32DD15112AD8329E007E181E /* LocationsView.swift in Sources */,
				32DD150E2AD8315F007E181E /* Location.swift in Sources */,
				32DD15092AD83065007E181E /* LocationsDataService.swift in Sources */,
				3245DD412AD9590500E4C9A5 /* LocationMapAnnotationView.swift in Sources */,
			);
			runOnlyForDeploymentPostprocessing = 0;
		};
/* End PBXSourcesBuildPhase section */

/* Begin XCBuildConfiguration section */
		32279B352AD46DD3001C1D2E /* Debug */ = {
			isa = XCBuildConfiguration;
			buildSettings = {
				ALWAYS_SEARCH_USER_PATHS = NO;
				ASSETCATALOG_COMPILER_GENERATE_SWIFT_ASSET_SYMBOL_EXTENSIONS = YES;
				CLANG_ANALYZER_NONNULL = YES;
				CLANG_ANALYZER_NUMBER_OBJECT_CONVERSION = YES_AGGRESSIVE;
				CLANG_CXX_LANGUAGE_STANDARD = "gnu++20";
				CLANG_ENABLE_MODULES = YES;
				CLANG_ENABLE_OBJC_ARC = YES;
				CLANG_ENABLE_OBJC_WEAK = YES;
				CLANG_WARN_BLOCK_CAPTURE_AUTORELEASING = YES;
				CLANG_WARN_BOOL_CONVERSION = YES;
				CLANG_WARN_COMMA = YES;
				CLANG_WARN_CONSTANT_CONVERSION = YES;
				CLANG_WARN_DEPRECATED_OBJC_IMPLEMENTATIONS = YES;
				CLANG_WARN_DIRECT_OBJC_ISA_USAGE = YES_ERROR;
				CLANG_WARN_DOCUMENTATION_COMMENTS = YES;
				CLANG_WARN_EMPTY_BODY = YES;
				CLANG_WARN_ENUM_CONVERSION = YES;
				CLANG_WARN_INFINITE_RECURSION = YES;
				CLANG_WARN_INT_CONVERSION = YES;
				CLANG_WARN_NON_LITERAL_NULL_CONVERSION = YES;
				CLANG_WARN_OBJC_IMPLICIT_RETAIN_SELF = YES;
				CLANG_WARN_OBJC_LITERAL_CONVERSION = YES;
				CLANG_WARN_OBJC_ROOT_CLASS = YES_ERROR;
				CLANG_WARN_QUOTED_INCLUDE_IN_FRAMEWORK_HEADER = YES;
				CLANG_WARN_RANGE_LOOP_ANALYSIS = YES;
				CLANG_WARN_STRICT_PROTOTYPES = YES;
				CLANG_WARN_SUSPICIOUS_MOVE = YES;
				CLANG_WARN_UNGUARDED_AVAILABILITY = YES_AGGRESSIVE;
				CLANG_WARN_UNREACHABLE_CODE = YES;
				CLANG_WARN__DUPLICATE_METHOD_MATCH = YES;
				COPY_PHASE_STRIP = NO;
				DEBUG_INFORMATION_FORMAT = dwarf;
				ENABLE_STRICT_OBJC_MSGSEND = YES;
				ENABLE_TESTABILITY = YES;
				ENABLE_USER_SCRIPT_SANDBOXING = YES;
				GCC_C_LANGUAGE_STANDARD = gnu17;
				GCC_DYNAMIC_NO_PIC = NO;
				GCC_NO_COMMON_BLOCKS = YES;
				GCC_OPTIMIZATION_LEVEL = 0;
				GCC_PREPROCESSOR_DEFINITIONS = (
					"DEBUG=1",
					"$(inherited)",
				);
				GCC_WARN_64_TO_32_BIT_CONVERSION = YES;
				GCC_WARN_ABOUT_RETURN_TYPE = YES_ERROR;
				GCC_WARN_UNDECLARED_SELECTOR = YES;
				GCC_WARN_UNINITIALIZED_AUTOS = YES_AGGRESSIVE;
				GCC_WARN_UNUSED_FUNCTION = YES;
				GCC_WARN_UNUSED_VARIABLE = YES;
				IPHONEOS_DEPLOYMENT_TARGET = 17.0;
				LOCALIZATION_PREFERS_STRING_CATALOGS = YES;
				MTL_ENABLE_DEBUG_INFO = INCLUDE_SOURCE;
				MTL_FAST_MATH = YES;
				ONLY_ACTIVE_ARCH = YES;
				SDKROOT = iphoneos;
				SWIFT_ACTIVE_COMPILATION_CONDITIONS = "DEBUG $(inherited)";
				SWIFT_OPTIMIZATION_LEVEL = "-Onone";
			};
			name = Debug;
		};
		32279B362AD46DD3001C1D2E /* Release */ = {
			isa = XCBuildConfiguration;
			buildSettings = {
				ALWAYS_SEARCH_USER_PATHS = NO;
				ASSETCATALOG_COMPILER_GENERATE_SWIFT_ASSET_SYMBOL_EXTENSIONS = YES;
				CLANG_ANALYZER_NONNULL = YES;
				CLANG_ANALYZER_NUMBER_OBJECT_CONVERSION = YES_AGGRESSIVE;
				CLANG_CXX_LANGUAGE_STANDARD = "gnu++20";
				CLANG_ENABLE_MODULES = YES;
				CLANG_ENABLE_OBJC_ARC = YES;
				CLANG_ENABLE_OBJC_WEAK = YES;
				CLANG_WARN_BLOCK_CAPTURE_AUTORELEASING = YES;
				CLANG_WARN_BOOL_CONVERSION = YES;
				CLANG_WARN_COMMA = YES;
				CLANG_WARN_CONSTANT_CONVERSION = YES;
				CLANG_WARN_DEPRECATED_OBJC_IMPLEMENTATIONS = YES;
				CLANG_WARN_DIRECT_OBJC_ISA_USAGE = YES_ERROR;
				CLANG_WARN_DOCUMENTATION_COMMENTS = YES;
				CLANG_WARN_EMPTY_BODY = YES;
				CLANG_WARN_ENUM_CONVERSION = YES;
				CLANG_WARN_INFINITE_RECURSION = YES;
				CLANG_WARN_INT_CONVERSION = YES;
				CLANG_WARN_NON_LITERAL_NULL_CONVERSION = YES;
				CLANG_WARN_OBJC_IMPLICIT_RETAIN_SELF = YES;
				CLANG_WARN_OBJC_LITERAL_CONVERSION = YES;
				CLANG_WARN_OBJC_ROOT_CLASS = YES_ERROR;
				CLANG_WARN_QUOTED_INCLUDE_IN_FRAMEWORK_HEADER = YES;
				CLANG_WARN_RANGE_LOOP_ANALYSIS = YES;
				CLANG_WARN_STRICT_PROTOTYPES = YES;
				CLANG_WARN_SUSPICIOUS_MOVE = YES;
				CLANG_WARN_UNGUARDED_AVAILABILITY = YES_AGGRESSIVE;
				CLANG_WARN_UNREACHABLE_CODE = YES;
				CLANG_WARN__DUPLICATE_METHOD_MATCH = YES;
				COPY_PHASE_STRIP = NO;
				DEBUG_INFORMATION_FORMAT = "dwarf-with-dsym";
				ENABLE_NS_ASSERTIONS = NO;
				ENABLE_STRICT_OBJC_MSGSEND = YES;
				ENABLE_USER_SCRIPT_SANDBOXING = YES;
				GCC_C_LANGUAGE_STANDARD = gnu17;
				GCC_NO_COMMON_BLOCKS = YES;
				GCC_WARN_64_TO_32_BIT_CONVERSION = YES;
				GCC_WARN_ABOUT_RETURN_TYPE = YES_ERROR;
				GCC_WARN_UNDECLARED_SELECTOR = YES;
				GCC_WARN_UNINITIALIZED_AUTOS = YES_AGGRESSIVE;
				GCC_WARN_UNUSED_FUNCTION = YES;
				GCC_WARN_UNUSED_VARIABLE = YES;
				IPHONEOS_DEPLOYMENT_TARGET = 17.0;
				LOCALIZATION_PREFERS_STRING_CATALOGS = YES;
				MTL_ENABLE_DEBUG_INFO = NO;
				MTL_FAST_MATH = YES;
				SDKROOT = iphoneos;
				SWIFT_COMPILATION_MODE = wholemodule;
				VALIDATE_PRODUCT = YES;
			};
			name = Release;
		};
		32279B382AD46DD3001C1D2E /* Debug */ = {
			isa = XCBuildConfiguration;
			buildSettings = {
				ASSETCATALOG_COMPILER_APPICON_NAME = AppIcon;
				ASSETCATALOG_COMPILER_GLOBAL_ACCENT_COLOR_NAME = AccentColor;
				CODE_SIGN_STYLE = Automatic;
				CURRENT_PROJECT_VERSION = 1;
				DEVELOPMENT_ASSET_PATHS = "\"mapapp/Preview Content\"";
				ENABLE_PREVIEWS = YES;
				GENERATE_INFOPLIST_FILE = YES;
				INFOPLIST_FILE = mapapp/Info.plist;
				INFOPLIST_KEY_UIApplicationSceneManifest_Generation = YES;
				INFOPLIST_KEY_UIApplicationSupportsIndirectInputEvents = YES;
				INFOPLIST_KEY_UISupportedInterfaceOrientations = UIInterfaceOrientationPortrait;
				INFOPLIST_KEY_UISupportedInterfaceOrientations_iPad = "UIInterfaceOrientationLandscapeLeft UIInterfaceOrientationLandscapeRight UIInterfaceOrientationPortrait UIInterfaceOrientationPortraitUpsideDown";
				LD_RUNPATH_SEARCH_PATHS = (
					"$(inherited)",
					"@executable_path/Frameworks",
				);
				MARKETING_VERSION = 1.0;
				PRODUCT_BUNDLE_IDENTIFIER = com.usamairfan.mapapp;
				PRODUCT_NAME = "$(TARGET_NAME)";
				SWIFT_EMIT_LOC_STRINGS = YES;
				SWIFT_VERSION = 5.0;
				TARGETED_DEVICE_FAMILY = "1,2";
			};
			name = Debug;
		};
		32279B392AD46DD3001C1D2E /* Release */ = {
			isa = XCBuildConfiguration;
			buildSettings = {
				ASSETCATALOG_COMPILER_APPICON_NAME = AppIcon;
				ASSETCATALOG_COMPILER_GLOBAL_ACCENT_COLOR_NAME = AccentColor;
				CODE_SIGN_STYLE = Automatic;
				CURRENT_PROJECT_VERSION = 1;
				DEVELOPMENT_ASSET_PATHS = "\"mapapp/Preview Content\"";
				ENABLE_PREVIEWS = YES;
				GENERATE_INFOPLIST_FILE = YES;
				INFOPLIST_FILE = mapapp/Info.plist;
				INFOPLIST_KEY_UIApplicationSceneManifest_Generation = YES;
				INFOPLIST_KEY_UIApplicationSupportsIndirectInputEvents = YES;
				INFOPLIST_KEY_UISupportedInterfaceOrientations = UIInterfaceOrientationPortrait;
				INFOPLIST_KEY_UISupportedInterfaceOrientations_iPad = "UIInterfaceOrientationLandscapeLeft UIInterfaceOrientationLandscapeRight UIInterfaceOrientationPortrait UIInterfaceOrientationPortraitUpsideDown";
				LD_RUNPATH_SEARCH_PATHS = (
					"$(inherited)",
					"@executable_path/Frameworks",
				);
				MARKETING_VERSION = 1.0;
				PRODUCT_BUNDLE_IDENTIFIER = com.usamairfan.mapapp;
				PRODUCT_NAME = "$(TARGET_NAME)";
				SWIFT_EMIT_LOC_STRINGS = YES;
				SWIFT_VERSION = 5.0;
				TARGETED_DEVICE_FAMILY = "1,2";
			};
			name = Release;
		};
/* End XCBuildConfiguration section */

/* Begin XCConfigurationList section */
		32279B242AD46DD0001C1D2E /* Build configuration list for PBXProject "mapapp" */ = {
			isa = XCConfigurationList;
			buildConfigurations = (
				32279B352AD46DD3001C1D2E /* Debug */,
				32279B362AD46DD3001C1D2E /* Release */,
			);
			defaultConfigurationIsVisible = 0;
			defaultConfigurationName = Release;
		};
		32279B372AD46DD3001C1D2E /* Build configuration list for PBXNativeTarget "mapapp" */ = {
			isa = XCConfigurationList;
			buildConfigurations = (
				32279B382AD46DD3001C1D2E /* Debug */,
				32279B392AD46DD3001C1D2E /* Release */,
			);
			defaultConfigurationIsVisible = 0;
			defaultConfigurationName = Release;
		};
/* End XCConfigurationList section */
	};
	rootObject = 32279B212AD46DD0001C1D2E /* Project object */;
}
